
Microsoft Visual Studio Solution File, Format Version 12.00
# Visual Studio Version 17
VisualStudioVersion = 17.0.31903.59
MinimumVisualStudioVersion = 10.0.40219.1
Project("{FAE04EC0-301F-11D3-BF4B-00C04F79EFBC}") = "WeightTracker.Cli", "src\WeightTracker.Cli\WeightTracker.Cli.csproj", "{42DF10CA-E8CE-4F1F-A7FB-B729A2EF437D}"
EndProject
Project("{2150E333-8FDC-42A3-9474-1A3956D46DE8}") = "src", "src", "{546D536D-0A82-4F09-81DD-286C26DE12AD}"
EndProject
Project("{2150E333-8FDC-42A3-9474-1A3956D46DE8}") = "tests", "tests", "{66EB359F-26F8-481D-835F-4AA860E485E1}"
EndProject
Project("{FAE04EC0-301F-11D3-BF4B-00C04F79EFBC}") = "TestProject1", "tests\TestProject1\TestProject1.csproj", "{F55F8369-EAD1-4DBD-B996-2E30E18196F9}"
EndProject
Project("{FAE04EC0-301F-11D3-BF4B-00C04F79EFBC}") = "WeightTracker.Api", "src\WeightTracker.Api\WeightTracker.Api.csproj", "{60B00A25-884C-4699-A3C6-B53C5A679E9B}"
EndProject
Project("{FAE04EC0-301F-11D3-BF4B-00C04F79EFBC}") = "WeightTracker.Contracts", "src\WeightTracker.Contracts\WeightTracker.Contracts.csproj", "{9C1DF010-D686-4011-BAC7-C19C28DB8B9C}"
EndProject
Project("{FAE04EC0-301F-11D3-BF4B-00C04F79EFBC}") = "WeightTracker.Cli.UnitTests", "tests\WeightTracker.Cli.UnitTests\WeightTracker.Cli.UnitTests.csproj", "{7FC7BB22-D1C1-4BA0-BC4C-CFE110C93C23}"
EndProject
Project("{FAE04EC0-301F-11D3-BF4B-00C04F79EFBC}") = "WeightTracker.Client", "src\WeightTracker.Client\WeightTracker.Client.csproj", "{AC39323C-21D4-480F-B02F-116E097810C9}"
EndProject
Project("{2150E333-8FDC-42A3-9474-1A3956D46DE8}") = "items", "items", "{DD94C2D3-23F8-4A14-9C1E-BCE71C86802E}"
	ProjectSection(SolutionItems) = preProject
		.editorconfig = .editorconfig
		.gitignore = .gitignore
		LICENSE = LICENSE
		nuget.config = nuget.config
		Directory.Build.props = Directory.Build.props
		Directory.Packages.props = Directory.Packages.props
		WeightTracker.ruleset = WeightTracker.ruleset
	EndProjectSection
EndProject
Global
	GlobalSection(SolutionConfigurationPlatforms) = preSolution
		Debug|Any CPU = Debug|Any CPU
		Release|Any CPU = Release|Any CPU
	EndGlobalSection
	GlobalSection(SolutionProperties) = preSolution
		HideSolutionNode = FALSE
	EndGlobalSection
	GlobalSection(ProjectConfigurationPlatforms) = postSolution
		{42DF10CA-E8CE-4F1F-A7FB-B729A2EF437D}.Debug|Any CPU.ActiveCfg = Debug|Any CPU
		{42DF10CA-E8CE-4F1F-A7FB-B729A2EF437D}.Debug|Any CPU.Build.0 = Debug|Any CPU
		{42DF10CA-E8CE-4F1F-A7FB-B729A2EF437D}.Release|Any CPU.ActiveCfg = Release|Any CPU
		{42DF10CA-E8CE-4F1F-A7FB-B729A2EF437D}.Release|Any CPU.Build.0 = Release|Any CPU
		{F55F8369-EAD1-4DBD-B996-2E30E18196F9}.Debug|Any CPU.ActiveCfg = Debug|Any CPU
		{F55F8369-EAD1-4DBD-B996-2E30E18196F9}.Debug|Any CPU.Build.0 = Debug|Any CPU
		{F55F8369-EAD1-4DBD-B996-2E30E18196F9}.Release|Any CPU.ActiveCfg = Release|Any CPU
		{F55F8369-EAD1-4DBD-B996-2E30E18196F9}.Release|Any CPU.Build.0 = Release|Any CPU
		{60B00A25-884C-4699-A3C6-B53C5A679E9B}.Debug|Any CPU.ActiveCfg = Debug|Any CPU
		{60B00A25-884C-4699-A3C6-B53C5A679E9B}.Debug|Any CPU.Build.0 = Debug|Any CPU
		{60B00A25-884C-4699-A3C6-B53C5A679E9B}.Release|Any CPU.ActiveCfg = Release|Any CPU
		{60B00A25-884C-4699-A3C6-B53C5A679E9B}.Release|Any CPU.Build.0 = Release|Any CPU
		{9C1DF010-D686-4011-BAC7-C19C28DB8B9C}.Debug|Any CPU.ActiveCfg = Debug|Any CPU
		{9C1DF010-D686-4011-BAC7-C19C28DB8B9C}.Debug|Any CPU.Build.0 = Debug|Any CPU
		{9C1DF010-D686-4011-BAC7-C19C28DB8B9C}.Release|Any CPU.ActiveCfg = Release|Any CPU
		{9C1DF010-D686-4011-BAC7-C19C28DB8B9C}.Release|Any CPU.Build.0 = Release|Any CPU
		{7FC7BB22-D1C1-4BA0-BC4C-CFE110C93C23}.Debug|Any CPU.ActiveCfg = Debug|Any CPU
		{7FC7BB22-D1C1-4BA0-BC4C-CFE110C93C23}.Debug|Any CPU.Build.0 = Debug|Any CPU
		{7FC7BB22-D1C1-4BA0-BC4C-CFE110C93C23}.Release|Any CPU.ActiveCfg = Release|Any CPU
		{7FC7BB22-D1C1-4BA0-BC4C-CFE110C93C23}.Release|Any CPU.Build.0 = Release|Any CPU
		{AC39323C-21D4-480F-B02F-116E097810C9}.Debug|Any CPU.ActiveCfg = Debug|Any CPU
		{AC39323C-21D4-480F-B02F-116E097810C9}.Debug|Any CPU.Build.0 = Debug|Any CPU
		{AC39323C-21D4-480F-B02F-116E097810C9}.Release|Any CPU.ActiveCfg = Release|Any CPU
		{AC39323C-21D4-480F-B02F-116E097810C9}.Release|Any CPU.Build.0 = Release|Any CPU
	EndGlobalSection
	GlobalSection(NestedProjects) = preSolution
		{F55F8369-EAD1-4DBD-B996-2E30E18196F9} = {66EB359F-26F8-481D-835F-4AA860E485E1}
		{60B00A25-884C-4699-A3C6-B53C5A679E9B} = {546D536D-0A82-4F09-81DD-286C26DE12AD}
		{42DF10CA-E8CE-4F1F-A7FB-B729A2EF437D} = {546D536D-0A82-4F09-81DD-286C26DE12AD}
		{9C1DF010-D686-4011-BAC7-C19C28DB8B9C} = {546D536D-0A82-4F09-81DD-286C26DE12AD}
		{7FC7BB22-D1C1-4BA0-BC4C-CFE110C93C23} = {66EB359F-26F8-481D-835F-4AA860E485E1}
		{AC39323C-21D4-480F-B02F-116E097810C9} = {546D536D-0A82-4F09-81DD-286C26DE12AD}
	EndGlobalSection
EndGlobal
