
Microsoft Visual Studio Solution File, Format Version 12.00
# Visual Studio Version 17
VisualStudioVersion = 17.0.31903.59
MinimumVisualStudioVersion = 10.0.40219.1
Project("{2150E333-8FDC-42A3-9474-1A3956D46DE8}") = "src", "src", "{546D536D-0A82-4F09-81DD-286C26DE12AD}"
EndProject
Project("{2150E333-8FDC-42A3-9474-1A3956D46DE8}") = "tests", "tests", "{66EB359F-26F8-481D-835F-4AA860E485E1}"
EndProject
Project("{FAE04EC0-301F-11D3-BF4B-00C04F79EFBC}") = "WeightTracker.WebApi.UnitTests", "tests\WeightTracker.WebApi.UnitTests\WeightTracker.WebApi.UnitTests.csproj", "{F55F8369-EAD1-4DBD-B996-2E30E18196F9}"
EndProject
Project("{FAE04EC0-301F-11D3-BF4B-00C04F79EFBC}") = "WeightTracker.Api", "src\api\WeightTracker.Api\WeightTracker.Api.csproj", "{60B00A25-884C-4699-A3C6-B53C5A679E9B}"
EndProject
Project("{FAE04EC0-301F-11D3-BF4B-00C04F79EFBC}") = "WeightTracker.Contracts", "src\shared\WeightTracker.Contracts\WeightTracker.Contracts.csproj", "{9C1DF010-D686-4011-BAC7-C19C28DB8B9C}"
EndProject
Project("{FAE04EC0-301F-11D3-BF4B-00C04F79EFBC}") = "WeightTracker.ApiClient.UnitTests", "tests\WeightTracker.ApiClient.UnitTests\WeightTracker.ApiClient.UnitTests.csproj", "{7FC7BB22-D1C1-4BA0-BC4C-CFE110C93C23}"
EndProject
Project("{FAE04EC0-301F-11D3-BF4B-00C04F79EFBC}") = "WeightTracker.ApiClient", "src\shared\WeightTracker.ApiClient\WeightTracker.ApiClient.csproj", "{AC39323C-21D4-480F-B02F-116E097810C9}"
EndProject
Project("{2150E333-8FDC-42A3-9474-1A3956D46DE8}") = "items", "items", "{DD94C2D3-23F8-4A14-9C1E-BCE71C86802E}"
	ProjectSection(SolutionItems) = preProject
		.editorconfig = .editorconfig
		.gitignore = .gitignore
		LICENSE = LICENSE
		nuget.config = nuget.config
		Directory.Build.props = Directory.Build.props
		Directory.Packages.props = Directory.Packages.props
		stylecop.ruleset = stylecop.ruleset
		global.json = global.json
		Directory.Build.targets = Directory.Build.targets
	EndProjectSection
EndProject
Project("{FAE04EC0-301F-11D3-BF4B-00C04F79EFBC}") = "WeightTracker.Cli", "src\cli\WeightTracker.Cli\WeightTracker.Cli.csproj", "{9A4C9353-5421-4173-AB13-59F3302064D9}"
EndProject
Project("{FAE04EC0-301F-11D3-BF4B-00C04F79EFBC}") = "WeightTracker.Func", "src\functions\WeightTracker.Func\WeightTracker.Func.csproj", "{F30889B2-3C0A-40D4-A972-1FB926561FA3}"
EndProject
Project("{FAE04EC0-301F-11D3-BF4B-00C04F79EFBC}") = "WeightTracker.Domain", "src\domain\WeightTracker.Domain.csproj", "{85EA23DD-E406-42F9-B37A-0E366B3A987E}"
EndProject
Project("{FAE04EC0-301F-11D3-BF4B-00C04F79EFBC}") = "WeightTracker.Api.Application", "src\api\WeightTracker.Api.Application\WeightTracker.Api.Application.csproj", "{C25C57E0-B294-4745-8631-BC7878FD4183}"
EndProject
Project("{FAE04EC0-301F-11D3-BF4B-00C04F79EFBC}") = "WeightTracker.Api.Infrastructure", "src\api\WeightTracker.Api.Infrastructure\WeightTracker.Api.Infrastructure.csproj", "{E050C651-0CB8-4763-9346-3D1592F4D2BE}"
EndProject
Project("{2150E333-8FDC-42A3-9474-1A3956D46DE8}") = "cli", "cli", "{C09B563E-2AD0-4F71-8BB4-E992AFAF4DF8}"
EndProject
Project("{2150E333-8FDC-42A3-9474-1A3956D46DE8}") = "api", "api", "{4B6C3B4E-5D66-4A66-B745-9FC0BB12E482}"
EndProject
Project("{2150E333-8FDC-42A3-9474-1A3956D46DE8}") = "functions", "functions", "{61F34AAB-865E-4D4B-B38D-6B66B7A106B2}"
EndProject
Project("{2150E333-8FDC-42A3-9474-1A3956D46DE8}") = "shared", "shared", "{52E6185D-B780-4A0C-931B-EA6A9F5ADABF}"
EndProject
Project("{2150E333-8FDC-42A3-9474-1A3956D46DE8}") = "domain", "domain", "{20F18CBC-CE39-4773-BC01-BABC5C640A76}"
EndProject
Project("{FAE04EC0-301F-11D3-BF4B-00C04F79EFBC}") = "WeightTracker.Cli.Authentication", "src\cli\WeightTracker.Cli.Authentication\WeightTracker.Cli.Authentication.csproj", "{E03C0AF3-B6B8-4ED6-BA0A-56C6774B71B9}"
EndProject
Project("{FAE04EC0-301F-11D3-BF4B-00C04F79EFBC}") = "WeightTracker.Func.Application", "src\functions\WeightTracker.Func.Application\WeightTracker.Func.Application.csproj", "{00B8EB4D-46D7-450B-BCF0-E8DA815B9041}"
EndProject
Project("{FAE04EC0-301F-11D3-BF4B-00C04F79EFBC}") = "WeightTracker.Func.Infrastructure", "src\functions\WeightTracker.Func.Infrastructure\WeightTracker.Func.Infrastructure.csproj", "{C1CA4823-7B49-4F51-B7D9-F1ACA6AC223D}"
EndProject
Global
	GlobalSection(SolutionConfigurationPlatforms) = preSolution
		Debug|Any CPU = Debug|Any CPU
		Release|Any CPU = Release|Any CPU
	EndGlobalSection
	GlobalSection(SolutionProperties) = preSolution
		HideSolutionNode = FALSE
	EndGlobalSection
	GlobalSection(ProjectConfigurationPlatforms) = postSolution
		{F55F8369-EAD1-4DBD-B996-2E30E18196F9}.Debug|Any CPU.ActiveCfg = Debug|Any CPU
		{F55F8369-EAD1-4DBD-B996-2E30E18196F9}.Debug|Any CPU.Build.0 = Debug|Any CPU
		{F55F8369-EAD1-4DBD-B996-2E30E18196F9}.Release|Any CPU.ActiveCfg = Release|Any CPU
		{F55F8369-EAD1-4DBD-B996-2E30E18196F9}.Release|Any CPU.Build.0 = Release|Any CPU
		{60B00A25-884C-4699-A3C6-B53C5A679E9B}.Debug|Any CPU.ActiveCfg = Debug|Any CPU
		{60B00A25-884C-4699-A3C6-B53C5A679E9B}.Debug|Any CPU.Build.0 = Debug|Any CPU
		{60B00A25-884C-4699-A3C6-B53C5A679E9B}.Release|Any CPU.ActiveCfg = Release|Any CPU
		{60B00A25-884C-4699-A3C6-B53C5A679E9B}.Release|Any CPU.Build.0 = Release|Any CPU
		{9C1DF010-D686-4011-BAC7-C19C28DB8B9C}.Debug|Any CPU.ActiveCfg = Debug|Any CPU
		{9C1DF010-D686-4011-BAC7-C19C28DB8B9C}.Debug|Any CPU.Build.0 = Debug|Any CPU
		{9C1DF010-D686-4011-BAC7-C19C28DB8B9C}.Release|Any CPU.ActiveCfg = Release|Any CPU
		{9C1DF010-D686-4011-BAC7-C19C28DB8B9C}.Release|Any CPU.Build.0 = Release|Any CPU
		{7FC7BB22-D1C1-4BA0-BC4C-CFE110C93C23}.Debug|Any CPU.ActiveCfg = Debug|Any CPU
		{7FC7BB22-D1C1-4BA0-BC4C-CFE110C93C23}.Debug|Any CPU.Build.0 = Debug|Any CPU
		{7FC7BB22-D1C1-4BA0-BC4C-CFE110C93C23}.Release|Any CPU.ActiveCfg = Release|Any CPU
		{7FC7BB22-D1C1-4BA0-BC4C-CFE110C93C23}.Release|Any CPU.Build.0 = Release|Any CPU
		{AC39323C-21D4-480F-B02F-116E097810C9}.Debug|Any CPU.ActiveCfg = Debug|Any CPU
		{AC39323C-21D4-480F-B02F-116E097810C9}.Debug|Any CPU.Build.0 = Debug|Any CPU
		{AC39323C-21D4-480F-B02F-116E097810C9}.Release|Any CPU.ActiveCfg = Release|Any CPU
		{AC39323C-21D4-480F-B02F-116E097810C9}.Release|Any CPU.Build.0 = Release|Any CPU
		{9A4C9353-5421-4173-AB13-59F3302064D9}.Debug|Any CPU.ActiveCfg = Debug|Any CPU
		{9A4C9353-5421-4173-AB13-59F3302064D9}.Debug|Any CPU.Build.0 = Debug|Any CPU
		{9A4C9353-5421-4173-AB13-59F3302064D9}.Release|Any CPU.ActiveCfg = Release|Any CPU
		{9A4C9353-5421-4173-AB13-59F3302064D9}.Release|Any CPU.Build.0 = Release|Any CPU
		{F30889B2-3C0A-40D4-A972-1FB926561FA3}.Debug|Any CPU.ActiveCfg = Debug|Any CPU
		{F30889B2-3C0A-40D4-A972-1FB926561FA3}.Debug|Any CPU.Build.0 = Debug|Any CPU
		{F30889B2-3C0A-40D4-A972-1FB926561FA3}.Release|Any CPU.ActiveCfg = Release|Any CPU
		{F30889B2-3C0A-40D4-A972-1FB926561FA3}.Release|Any CPU.Build.0 = Release|Any CPU
		{85EA23DD-E406-42F9-B37A-0E366B3A987E}.Debug|Any CPU.ActiveCfg = Debug|Any CPU
		{85EA23DD-E406-42F9-B37A-0E366B3A987E}.Debug|Any CPU.Build.0 = Debug|Any CPU
		{85EA23DD-E406-42F9-B37A-0E366B3A987E}.Release|Any CPU.ActiveCfg = Release|Any CPU
		{85EA23DD-E406-42F9-B37A-0E366B3A987E}.Release|Any CPU.Build.0 = Release|Any CPU
		{C25C57E0-B294-4745-8631-BC7878FD4183}.Debug|Any CPU.ActiveCfg = Debug|Any CPU
		{C25C57E0-B294-4745-8631-BC7878FD4183}.Debug|Any CPU.Build.0 = Debug|Any CPU
		{C25C57E0-B294-4745-8631-BC7878FD4183}.Release|Any CPU.ActiveCfg = Release|Any CPU
		{C25C57E0-B294-4745-8631-BC7878FD4183}.Release|Any CPU.Build.0 = Release|Any CPU
		{E050C651-0CB8-4763-9346-3D1592F4D2BE}.Debug|Any CPU.ActiveCfg = Debug|Any CPU
		{E050C651-0CB8-4763-9346-3D1592F4D2BE}.Debug|Any CPU.Build.0 = Debug|Any CPU
		{E050C651-0CB8-4763-9346-3D1592F4D2BE}.Release|Any CPU.ActiveCfg = Release|Any CPU
		{E050C651-0CB8-4763-9346-3D1592F4D2BE}.Release|Any CPU.Build.0 = Release|Any CPU
		{E03C0AF3-B6B8-4ED6-BA0A-56C6774B71B9}.Debug|Any CPU.ActiveCfg = Debug|Any CPU
		{E03C0AF3-B6B8-4ED6-BA0A-56C6774B71B9}.Debug|Any CPU.Build.0 = Debug|Any CPU
		{E03C0AF3-B6B8-4ED6-BA0A-56C6774B71B9}.Release|Any CPU.ActiveCfg = Release|Any CPU
		{E03C0AF3-B6B8-4ED6-BA0A-56C6774B71B9}.Release|Any CPU.Build.0 = Release|Any CPU
		{00B8EB4D-46D7-450B-BCF0-E8DA815B9041}.Debug|Any CPU.ActiveCfg = Debug|Any CPU
		{00B8EB4D-46D7-450B-BCF0-E8DA815B9041}.Debug|Any CPU.Build.0 = Debug|Any CPU
		{00B8EB4D-46D7-450B-BCF0-E8DA815B9041}.Release|Any CPU.ActiveCfg = Release|Any CPU
		{00B8EB4D-46D7-450B-BCF0-E8DA815B9041}.Release|Any CPU.Build.0 = Release|Any CPU
		{C1CA4823-7B49-4F51-B7D9-F1ACA6AC223D}.Debug|Any CPU.ActiveCfg = Debug|Any CPU
		{C1CA4823-7B49-4F51-B7D9-F1ACA6AC223D}.Debug|Any CPU.Build.0 = Debug|Any CPU
		{C1CA4823-7B49-4F51-B7D9-F1ACA6AC223D}.Release|Any CPU.ActiveCfg = Release|Any CPU
		{C1CA4823-7B49-4F51-B7D9-F1ACA6AC223D}.Release|Any CPU.Build.0 = Release|Any CPU
	EndGlobalSection
	GlobalSection(NestedProjects) = preSolution
		{F55F8369-EAD1-4DBD-B996-2E30E18196F9} = {66EB359F-26F8-481D-835F-4AA860E485E1}
		{7FC7BB22-D1C1-4BA0-BC4C-CFE110C93C23} = {66EB359F-26F8-481D-835F-4AA860E485E1}
		{C09B563E-2AD0-4F71-8BB4-E992AFAF4DF8} = {546D536D-0A82-4F09-81DD-286C26DE12AD}
		{4B6C3B4E-5D66-4A66-B745-9FC0BB12E482} = {546D536D-0A82-4F09-81DD-286C26DE12AD}
		{61F34AAB-865E-4D4B-B38D-6B66B7A106B2} = {546D536D-0A82-4F09-81DD-286C26DE12AD}
		{52E6185D-B780-4A0C-931B-EA6A9F5ADABF} = {546D536D-0A82-4F09-81DD-286C26DE12AD}
		{20F18CBC-CE39-4773-BC01-BABC5C640A76} = {546D536D-0A82-4F09-81DD-286C26DE12AD}
		{9C1DF010-D686-4011-BAC7-C19C28DB8B9C} = {52E6185D-B780-4A0C-931B-EA6A9F5ADABF}
		{9A4C9353-5421-4173-AB13-59F3302064D9} = {C09B563E-2AD0-4F71-8BB4-E992AFAF4DF8}
		{AC39323C-21D4-480F-B02F-116E097810C9} = {52E6185D-B780-4A0C-931B-EA6A9F5ADABF}
		{C25C57E0-B294-4745-8631-BC7878FD4183} = {4B6C3B4E-5D66-4A66-B745-9FC0BB12E482}
		{E050C651-0CB8-4763-9346-3D1592F4D2BE} = {4B6C3B4E-5D66-4A66-B745-9FC0BB12E482}
		{60B00A25-884C-4699-A3C6-B53C5A679E9B} = {4B6C3B4E-5D66-4A66-B745-9FC0BB12E482}
		{85EA23DD-E406-42F9-B37A-0E366B3A987E} = {20F18CBC-CE39-4773-BC01-BABC5C640A76}
		{F30889B2-3C0A-40D4-A972-1FB926561FA3} = {61F34AAB-865E-4D4B-B38D-6B66B7A106B2}
		{E03C0AF3-B6B8-4ED6-BA0A-56C6774B71B9} = {C09B563E-2AD0-4F71-8BB4-E992AFAF4DF8}
		{00B8EB4D-46D7-450B-BCF0-E8DA815B9041} = {61F34AAB-865E-4D4B-B38D-6B66B7A106B2}
		{C1CA4823-7B49-4F51-B7D9-F1ACA6AC223D} = {61F34AAB-865E-4D4B-B38D-6B66B7A106B2}
	EndGlobalSection
EndGlobal
